
Microsoft Visual Studio Solution File, Format Version 12.00
# Visual Studio Version 16
VisualStudioVersion = 16.0.29709.97
MinimumVisualStudioVersion = 10.0.40219.1
Project("{9A19103F-16F7-4668-BE54-9A1E7A4F7556}") = "RS1_2017_09_11", "RS1_2017_09_11\RS1_2017_09_11.csproj", "{5AC4ED54-9D90-49B3-9E44-C2C75532774C}"
EndProject
Global
	GlobalSection(SolutionConfigurationPlatforms) = preSolution
		Debug|Any CPU = Debug|Any CPU
		Release|Any CPU = Release|Any CPU
	EndGlobalSection
	GlobalSection(ProjectConfigurationPlatforms) = postSolution
		{5AC4ED54-9D90-49B3-9E44-C2C75532774C}.Debug|Any CPU.ActiveCfg = Debug|Any CPU
		{5AC4ED54-9D90-49B3-9E44-C2C75532774C}.Debug|Any CPU.Build.0 = Debug|Any CPU
		{5AC4ED54-9D90-49B3-9E44-C2C75532774C}.Release|Any CPU.ActiveCfg = Release|Any CPU
		{5AC4ED54-9D90-49B3-9E44-C2C75532774C}.Release|Any CPU.Build.0 = Release|Any CPU
	EndGlobalSection
	GlobalSection(SolutionProperties) = preSolution
		HideSolutionNode = FALSE
	EndGlobalSection
	GlobalSection(ExtensibilityGlobals) = postSolution
		SolutionGuid = {01A0205C-490F-42E5-8ECB-D261DC4E6F0D}
	EndGlobalSection
EndGlobal
