
Microsoft Visual Studio Solution File, Format Version 12.00
# Visual Studio Version 16
VisualStudioVersion = 16.0.29709.97
MinimumVisualStudioVersion = 10.0.40219.1
Project("{9A19103F-16F7-4668-BE54-9A1E7A4F7556}") = "RS1_2017_01_24", "RS1_2017_01_24\RS1_2017_01_24.csproj", "{27C8C9A7-83D7-4479-83F0-CD79AE8B733D}"
EndProject
Global
	GlobalSection(SolutionConfigurationPlatforms) = preSolution
		Debug|Any CPU = Debug|Any CPU
		Release|Any CPU = Release|Any CPU
	EndGlobalSection
	GlobalSection(ProjectConfigurationPlatforms) = postSolution
		{27C8C9A7-83D7-4479-83F0-CD79AE8B733D}.Debug|Any CPU.ActiveCfg = Debug|Any CPU
		{27C8C9A7-83D7-4479-83F0-CD79AE8B733D}.Debug|Any CPU.Build.0 = Debug|Any CPU
		{27C8C9A7-83D7-4479-83F0-CD79AE8B733D}.Release|Any CPU.ActiveCfg = Release|Any CPU
		{27C8C9A7-83D7-4479-83F0-CD79AE8B733D}.Release|Any CPU.Build.0 = Release|Any CPU
	EndGlobalSection
	GlobalSection(SolutionProperties) = preSolution
		HideSolutionNode = FALSE
	EndGlobalSection
	GlobalSection(ExtensibilityGlobals) = postSolution
		SolutionGuid = {A972C642-F465-416A-8511-698B1F6D9D68}
	EndGlobalSection
EndGlobal
