
Microsoft Visual Studio Solution File, Format Version 12.00
# Visual Studio Version 16
VisualStudioVersion = 16.0.29709.97
MinimumVisualStudioVersion = 10.0.40219.1
Project("{9A19103F-16F7-4668-BE54-9A1E7A4F7556}") = "RS1_2017_02_15", "RS1_2017_02_15\RS1_2017_02_15.csproj", "{97926020-D72E-4D82-A98D-9F70E910443B}"
EndProject
Global
	GlobalSection(SolutionConfigurationPlatforms) = preSolution
		Debug|Any CPU = Debug|Any CPU
		Release|Any CPU = Release|Any CPU
	EndGlobalSection
	GlobalSection(ProjectConfigurationPlatforms) = postSolution
		{97926020-D72E-4D82-A98D-9F70E910443B}.Debug|Any CPU.ActiveCfg = Debug|Any CPU
		{97926020-D72E-4D82-A98D-9F70E910443B}.Debug|Any CPU.Build.0 = Debug|Any CPU
		{97926020-D72E-4D82-A98D-9F70E910443B}.Release|Any CPU.ActiveCfg = Release|Any CPU
		{97926020-D72E-4D82-A98D-9F70E910443B}.Release|Any CPU.Build.0 = Release|Any CPU
	EndGlobalSection
	GlobalSection(SolutionProperties) = preSolution
		HideSolutionNode = FALSE
	EndGlobalSection
	GlobalSection(ExtensibilityGlobals) = postSolution
		SolutionGuid = {8B1B001F-0FD3-496D-AA9B-5F1CCD58AADC}
	EndGlobalSection
EndGlobal
