
Microsoft Visual Studio Solution File, Format Version 12.00
# Visual Studio Version 16
VisualStudioVersion = 16.0.29709.97
MinimumVisualStudioVersion = 10.0.40219.1
Project("{9A19103F-16F7-4668-BE54-9A1E7A4F7556}") = "RS1_2017_06_21", "RS1_2017_06_21\RS1_2017_06_21.csproj", "{927114DF-7AE1-4392-9044-D959A11AF579}"
EndProject
Global
	GlobalSection(SolutionConfigurationPlatforms) = preSolution
		Debug|Any CPU = Debug|Any CPU
		Release|Any CPU = Release|Any CPU
	EndGlobalSection
	GlobalSection(ProjectConfigurationPlatforms) = postSolution
		{927114DF-7AE1-4392-9044-D959A11AF579}.Debug|Any CPU.ActiveCfg = Debug|Any CPU
		{927114DF-7AE1-4392-9044-D959A11AF579}.Debug|Any CPU.Build.0 = Debug|Any CPU
		{927114DF-7AE1-4392-9044-D959A11AF579}.Release|Any CPU.ActiveCfg = Release|Any CPU
		{927114DF-7AE1-4392-9044-D959A11AF579}.Release|Any CPU.Build.0 = Release|Any CPU
	EndGlobalSection
	GlobalSection(SolutionProperties) = preSolution
		HideSolutionNode = FALSE
	EndGlobalSection
	GlobalSection(ExtensibilityGlobals) = postSolution
		SolutionGuid = {41E6E6D7-7037-48A9-93EF-DA4AA6DBA150}
	EndGlobalSection
EndGlobal
