
Microsoft Visual Studio Solution File, Format Version 12.00
# Visual Studio Version 16
VisualStudioVersion = 16.0.29709.97
MinimumVisualStudioVersion = 10.0.40219.1
Project("{9A19103F-16F7-4668-BE54-9A1E7A4F7556}") = "RS1_2020_01_30", "RS1_2020_01_30\RS1_2020_01_30.csproj", "{6A08CACE-B120-4CA5-958C-8F49D8B9D08C}"
EndProject
Global
	GlobalSection(SolutionConfigurationPlatforms) = preSolution
		Debug|Any CPU = Debug|Any CPU
		Release|Any CPU = Release|Any CPU
	EndGlobalSection
	GlobalSection(ProjectConfigurationPlatforms) = postSolution
		{6A08CACE-B120-4CA5-958C-8F49D8B9D08C}.Debug|Any CPU.ActiveCfg = Debug|Any CPU
		{6A08CACE-B120-4CA5-958C-8F49D8B9D08C}.Debug|Any CPU.Build.0 = Debug|Any CPU
		{6A08CACE-B120-4CA5-958C-8F49D8B9D08C}.Release|Any CPU.ActiveCfg = Release|Any CPU
		{6A08CACE-B120-4CA5-958C-8F49D8B9D08C}.Release|Any CPU.Build.0 = Release|Any CPU
	EndGlobalSection
	GlobalSection(SolutionProperties) = preSolution
		HideSolutionNode = FALSE
	EndGlobalSection
	GlobalSection(ExtensibilityGlobals) = postSolution
		SolutionGuid = {B677E94A-6CDB-4BDC-9DB9-F92C180F69B9}
	EndGlobalSection
EndGlobal
